
Microsoft Visual Studio Solution File, Format Version 12.00
Project("{FAE04EC0-301F-11D3-BF4B-00C04F79EFBC}") = "Shared", "Shared\Shared.csproj", "{3E2819B5-596D-4DBB-9DF8-9678F7C2FFC8}"
EndProject
Project("{FAE04EC0-301F-11D3-BF4B-00C04F79EFBC}") = "BlazorWASM", "BlazorWASM\BlazorWASM.csproj", "{88995DD5-854A-4AF1-8EC9-90B4DCE5A89B}"
EndProject
Project("{FAE04EC0-301F-11D3-BF4B-00C04F79EFBC}") = "HttpClients", "HttpClients\HttpClients.csproj", "{4BD8D72D-4170-4F25-91F7-A3F3F43DE802}"
EndProject
Project("{FAE04EC0-301F-11D3-BF4B-00C04F79EFBC}") = "UserData", "UserData\UserData.csproj", "{7D5360DF-42BC-4382-995D-35439C142127}"
EndProject
Global
	GlobalSection(SolutionConfigurationPlatforms) = preSolution
		Debug|Any CPU = Debug|Any CPU
		Release|Any CPU = Release|Any CPU
	EndGlobalSection
	GlobalSection(ProjectConfigurationPlatforms) = postSolution
		{3E2819B5-596D-4DBB-9DF8-9678F7C2FFC8}.Debug|Any CPU.ActiveCfg = Debug|Any CPU
		{3E2819B5-596D-4DBB-9DF8-9678F7C2FFC8}.Debug|Any CPU.Build.0 = Debug|Any CPU
		{3E2819B5-596D-4DBB-9DF8-9678F7C2FFC8}.Release|Any CPU.ActiveCfg = Release|Any CPU
		{3E2819B5-596D-4DBB-9DF8-9678F7C2FFC8}.Release|Any CPU.Build.0 = Release|Any CPU
		{88995DD5-854A-4AF1-8EC9-90B4DCE5A89B}.Debug|Any CPU.ActiveCfg = Debug|Any CPU
		{88995DD5-854A-4AF1-8EC9-90B4DCE5A89B}.Debug|Any CPU.Build.0 = Debug|Any CPU
		{88995DD5-854A-4AF1-8EC9-90B4DCE5A89B}.Release|Any CPU.ActiveCfg = Release|Any CPU
		{88995DD5-854A-4AF1-8EC9-90B4DCE5A89B}.Release|Any CPU.Build.0 = Release|Any CPU
		{4BD8D72D-4170-4F25-91F7-A3F3F43DE802}.Debug|Any CPU.ActiveCfg = Debug|Any CPU
		{4BD8D72D-4170-4F25-91F7-A3F3F43DE802}.Debug|Any CPU.Build.0 = Debug|Any CPU
		{4BD8D72D-4170-4F25-91F7-A3F3F43DE802}.Release|Any CPU.ActiveCfg = Release|Any CPU
		{4BD8D72D-4170-4F25-91F7-A3F3F43DE802}.Release|Any CPU.Build.0 = Release|Any CPU
		{7D5360DF-42BC-4382-995D-35439C142127}.Debug|Any CPU.ActiveCfg = Debug|Any CPU
		{7D5360DF-42BC-4382-995D-35439C142127}.Debug|Any CPU.Build.0 = Debug|Any CPU
		{7D5360DF-42BC-4382-995D-35439C142127}.Release|Any CPU.ActiveCfg = Release|Any CPU
		{7D5360DF-42BC-4382-995D-35439C142127}.Release|Any CPU.Build.0 = Release|Any CPU
	EndGlobalSection
EndGlobal
